
Microsoft Visual Studio Solution File, Format Version 12.00
# Visual Studio Version 17
VisualStudioVersion = 17.11.35312.102
MinimumVisualStudioVersion = 10.0.40219.1
Project("{FAE04EC0-301F-11D3-BF4B-00C04F79EFBC}") = "Zaklady", "Zaklady\Zaklady.csproj", "{591BF347-A48E-402D-BDF7-E1F8DF263CC3}"
EndProject
Global
	GlobalSection(SolutionConfigurationPlatforms) = preSolution
		Debug|Any CPU = Debug|Any CPU
		Release|Any CPU = Release|Any CPU
	EndGlobalSection
	GlobalSection(ProjectConfigurationPlatforms) = postSolution
		{591BF347-A48E-402D-BDF7-E1F8DF263CC3}.Debug|Any CPU.ActiveCfg = Debug|Any CPU
		{591BF347-A48E-402D-BDF7-E1F8DF263CC3}.Debug|Any CPU.Build.0 = Debug|Any CPU
		{591BF347-A48E-402D-BDF7-E1F8DF263CC3}.Release|Any CPU.ActiveCfg = Release|Any CPU
		{591BF347-A48E-402D-BDF7-E1F8DF263CC3}.Release|Any CPU.Build.0 = Release|Any CPU
	EndGlobalSection
	GlobalSection(SolutionProperties) = preSolution
		HideSolutionNode = FALSE
	EndGlobalSection
	GlobalSection(ExtensibilityGlobals) = postSolution
		SolutionGuid = {73C8ABCF-5355-4EA4-9E02-FEE2722E3682}
	EndGlobalSection
EndGlobal
